schema: '2.0'
stages:
  make_dataset:
    cmd: python .\src\data\make_dataset.py .\data\raw\NYCTaxiTrip.csv
    deps:
    - path: .\data\raw\NYCTaxiTrip.csv
      hash: md5
      md5: e59c291a4b1c640f1dab33b89daa22e1
      size: 200589097
    - path: .\src\data\make_dataset.py
      hash: md5
      md5: 19572c7652c4fcd95d982b41c549e805
      size: 3295
    params:
      params.yaml:
        make_dataset.seed: 42
        make_dataset.test_split: 0.2
  build_features:
    cmd: python .\src\features\build_features.py .\data\interim\train.csv .\data\interim\test.csv
    deps:
    - path: .\data/interim/train.csv
      hash: md5
      md5: a8eb655f9e6926e902963c92525122bb
      size: 143153073
    - path: .\data\interim\test.csv
      hash: md5
      md5: 020732c92ee965939d045618c1a69ea7
      size: 35789352
    - path: .\src\features\build_features.py
      hash: md5
      md5: 73be6dceab163c0f511c55bcb5e4fa55
      size: 4703
  train_model:
    cmd: python .\src\models\train_model.py
    deps:
    - path: .\data/interim/train.csv
      hash: md5
      md5: a8eb655f9e6926e902963c92525122bb
      size: 143153073
    - path: .\data\interim\test.csv
      hash: md5
      md5: 020732c92ee965939d045618c1a69ea7
      size: 35789352
    - path: .\src\models\train_model.py
      hash: md5
      md5: 4cb818d9f8a17327aa679f1af0eb4e6a
      size: 8128
    params:
      params.yaml:
        train_model.alpha:
        - 1.0
        - 0.5
        - 1.5
        - 0.8
        train_model.bagging_n_estimators:
        - 500
        - 100
        - 250
        train_model.base_estimator:
        - LinearRegression()
        - Ridge()
        - Lasso()
        - DecisionTreeRegressor()
        train_model.bootstrap:
        - true
        train_model.bootstrap_features:
        - true
        train_model.criterion:
        - squared_error
        - friedman_mse
        - absolute_error
        - poisson
        train_model.l1_ratio:
        - 0.5
        - 0.8
        - 0.2
        train_model.learning_rate:
        - 0.1
        - 0.01
        - 0.5
        - 0.001
        train_model.max_features:
        - 0.5
        - 0.25
        train_model.max_iter:
        - 1000
        - 800
        - 900
        - 1500
        train_model.max_samples:
        - 0.25
        - 0.5
        train_model.n_estimators:
        - 8
        - 64
        - 128
        - 256
        train_model.positive:
        - true
        - false
        train_model.random_state:
        - 42
        train_model.subsample:
        - 0.6
        - 0.75
        - 0.8
        - 0.9
