schema: '2.0'
stages:
  make_dataset:
    cmd: python .\src\data\make_dataset.py .\data\raw\NYC_Taxi_Trip_Duration.csv
    deps:
    - path: .\data\raw\NYC_Taxi_Trip_Duration.csv
      hash: md5
      md5: e59c291a4b1c640f1dab33b89daa22e1
      size: 200589097
    - path: .\src\data\make_dataset.py
      hash: md5
      md5: 4c7aaa41f6e69b9c4d3c5f724753e024
      size: 2356
    params:
      params.yaml:
        make_dataset.seed: 2023
        make_dataset.test_split: 0.2
